// !$*UTF8*$!
{
	archiveVersion = 1;
	classes = {
	};
	objectVersion = 46;
	objects = {

/* Begin PBXBuildFile section */
		4238E9C86D229801620A1CE2 /* libPods-SimpleJsonApi.a in Frameworks */ = {isa = PBXBuildFile; fileRef = E6589D1B269882C8752B7C9A /* libPods-SimpleJsonApi.a */; };
		DBA110BD1CECCF69006CBB40 /* main.m in Sources */ = {isa = PBXBuildFile; fileRef = DBA110BC1CECCF69006CBB40 /* main.m */; };
		DBA110C01CECCF69006CBB40 /* AppDelegate.m in Sources */ = {isa = PBXBuildFile; fileRef = DBA110BF1CECCF69006CBB40 /* AppDelegate.m */; };
		DBA110C31CECCF69006CBB40 /* RatesTVC.m in Sources */ = {isa = PBXBuildFile; fileRef = DBA110C21CECCF69006CBB40 /* RatesTVC.m */; };
		DBA110C61CECCF69006CBB40 /* Main.storyboard in Resources */ = {isa = PBXBuildFile; fileRef = DBA110C41CECCF69006CBB40 /* Main.storyboard */; };
		DBA110C81CECCF69006CBB40 /* Assets.xcassets in Resources */ = {isa = PBXBuildFile; fileRef = DBA110C71CECCF69006CBB40 /* Assets.xcassets */; };
		DBA110CB1CECCF69006CBB40 /* LaunchScreen.storyboard in Resources */ = {isa = PBXBuildFile; fileRef = DBA110C91CECCF69006CBB40 /* LaunchScreen.storyboard */; };
		DBA110DB1CECDD9B006CBB40 /* RatesAPI.m in Sources */ = {isa = PBXBuildFile; fileRef = DBA110DA1CECDD9B006CBB40 /* RatesAPI.m */; };
		DBA110E31CECDDD8006CBB40 /* RateTests.m in Sources */ = {isa = PBXBuildFile; fileRef = DBA110E21CECDDD8006CBB40 /* RateTests.m */; };
		DBA110EE1CECDF2A006CBB40 /* Rate.m in Sources */ = {isa = PBXBuildFile; fileRef = DBA110ED1CECDF2A006CBB40 /* Rate.m */; };
		DBA110F11CECE88F006CBB40 /* RateBuilderTests.m in Sources */ = {isa = PBXBuildFile; fileRef = DBA110F01CECE88F006CBB40 /* RateBuilderTests.m */; };
		DBA110F51CECE925006CBB40 /* rate-response.json in Sources */ = {isa = PBXBuildFile; fileRef = DBA110F41CECE925006CBB40 /* rate-response.json */; };
		DBA110FA1CECE9E9006CBB40 /* XCTestCase+Fixture.m in Sources */ = {isa = PBXBuildFile; fileRef = DBA110F91CECE9E9006CBB40 /* XCTestCase+Fixture.m */; };
		DBA110FB1CECEBAC006CBB40 /* rate-response.json in Resources */ = {isa = PBXBuildFile; fileRef = DBA110F41CECE925006CBB40 /* rate-response.json */; };
		DBA110FF1CECEC46006CBB40 /* RateBuilder.m in Sources */ = {isa = PBXBuildFile; fileRef = DBA110FE1CECEC46006CBB40 /* RateBuilder.m */; };
		DBA111011CECEF48006CBB40 /* RateEqaulityTests.m in Sources */ = {isa = PBXBuildFile; fileRef = DBA111001CECEF48006CBB40 /* RateEqaulityTests.m */; };
/* End PBXBuildFile section */

/* Begin PBXContainerItemProxy section */
		DBA110E51CECDDD8006CBB40 /* PBXContainerItemProxy */ = {
			isa = PBXContainerItemProxy;
			containerPortal = DBA110B01CECCF69006CBB40 /* Project object */;
			proxyType = 1;
			remoteGlobalIDString = DBA110B71CECCF69006CBB40;
			remoteInfo = SimpleJsonApi;
		};
/* End PBXContainerItemProxy section */

/* Begin PBXFileReference section */
		56797A6AECA9B7E131FF0CC3 /* Pods-SimpleJsonApi.debug.xcconfig */ = {isa = PBXFileReference; includeInIndex = 1; lastKnownFileType = text.xcconfig; name = "Pods-SimpleJsonApi.debug.xcconfig"; path = "Pods/Target Support Files/Pods-SimpleJsonApi/Pods-SimpleJsonApi.debug.xcconfig"; sourceTree = "<group>"; };
		9C70C5B84EF2A4C2EA1F2FAE /* Pods-SimpleJsonApi.release.xcconfig */ = {isa = PBXFileReference; includeInIndex = 1; lastKnownFileType = text.xcconfig; name = "Pods-SimpleJsonApi.release.xcconfig"; path = "Pods/Target Support Files/Pods-SimpleJsonApi/Pods-SimpleJsonApi.release.xcconfig"; sourceTree = "<group>"; };
		DBA110B81CECCF69006CBB40 /* SimpleJsonApi.app */ = {isa = PBXFileReference; explicitFileType = wrapper.application; includeInIndex = 0; path = SimpleJsonApi.app; sourceTree = BUILT_PRODUCTS_DIR; };
		DBA110BC1CECCF69006CBB40 /* main.m */ = {isa = PBXFileReference; lastKnownFileType = sourcecode.c.objc; path = main.m; sourceTree = "<group>"; };
		DBA110BE1CECCF69006CBB40 /* AppDelegate.h */ = {isa = PBXFileReference; lastKnownFileType = sourcecode.c.h; path = AppDelegate.h; sourceTree = "<group>"; };
		DBA110BF1CECCF69006CBB40 /* AppDelegate.m */ = {isa = PBXFileReference; lastKnownFileType = sourcecode.c.objc; path = AppDelegate.m; sourceTree = "<group>"; };
		DBA110C11CECCF69006CBB40 /* RatesTVC.h */ = {isa = PBXFileReference; lastKnownFileType = sourcecode.c.h; path = RatesTVC.h; sourceTree = "<group>"; };
		DBA110C21CECCF69006CBB40 /* RatesTVC.m */ = {isa = PBXFileReference; lastKnownFileType = sourcecode.c.objc; path = RatesTVC.m; sourceTree = "<group>"; };
		DBA110C51CECCF69006CBB40 /* Base */ = {isa = PBXFileReference; lastKnownFileType = file.storyboard; name = Base; path = Base.lproj/Main.storyboard; sourceTree = "<group>"; };
		DBA110C71CECCF69006CBB40 /* Assets.xcassets */ = {isa = PBXFileReference; lastKnownFileType = folder.assetcatalog; path = Assets.xcassets; sourceTree = "<group>"; };
		DBA110CA1CECCF69006CBB40 /* Base */ = {isa = PBXFileReference; lastKnownFileType = file.storyboard; name = Base; path = Base.lproj/LaunchScreen.storyboard; sourceTree = "<group>"; };
		DBA110CC1CECCF69006CBB40 /* Info.plist */ = {isa = PBXFileReference; lastKnownFileType = text.plist.xml; path = Info.plist; sourceTree = "<group>"; };
		DBA110D91CECDD9B006CBB40 /* RatesAPI.h */ = {isa = PBXFileReference; fileEncoding = 4; lastKnownFileType = sourcecode.c.h; path = RatesAPI.h; sourceTree = "<group>"; };
		DBA110DA1CECDD9B006CBB40 /* RatesAPI.m */ = {isa = PBXFileReference; fileEncoding = 4; lastKnownFileType = sourcecode.c.objc; path = RatesAPI.m; sourceTree = "<group>"; };
		DBA110E01CECDDD8006CBB40 /* SimpleJsonApiTests.xctest */ = {isa = PBXFileReference; explicitFileType = wrapper.cfbundle; includeInIndex = 0; path = SimpleJsonApiTests.xctest; sourceTree = BUILT_PRODUCTS_DIR; };
		DBA110E21CECDDD8006CBB40 /* RateTests.m */ = {isa = PBXFileReference; lastKnownFileType = sourcecode.c.objc; path = RateTests.m; sourceTree = "<group>"; };
		DBA110E41CECDDD8006CBB40 /* Info.plist */ = {isa = PBXFileReference; lastKnownFileType = text.plist.xml; path = Info.plist; sourceTree = "<group>"; };
		DBA110EC1CECDF2A006CBB40 /* Rate.h */ = {isa = PBXFileReference; fileEncoding = 4; lastKnownFileType = sourcecode.c.h; path = Rate.h; sourceTree = "<group>"; };
		DBA110ED1CECDF2A006CBB40 /* Rate.m */ = {isa = PBXFileReference; fileEncoding = 4; lastKnownFileType = sourcecode.c.objc; path = Rate.m; sourceTree = "<group>"; };
		DBA110F01CECE88F006CBB40 /* RateBuilderTests.m */ = {isa = PBXFileReference; fileEncoding = 4; lastKnownFileType = sourcecode.c.objc; path = RateBuilderTests.m; sourceTree = "<group>"; };
		DBA110F41CECE925006CBB40 /* rate-response.json */ = {isa = PBXFileReference; fileEncoding = 4; lastKnownFileType = text.json; path = "rate-response.json"; sourceTree = "<group>"; };
		DBA110F81CECE9E9006CBB40 /* XCTestCase+Fixture.h */ = {isa = PBXFileReference; fileEncoding = 4; lastKnownFileType = sourcecode.c.h; path = "XCTestCase+Fixture.h"; sourceTree = "<group>"; };
		DBA110F91CECE9E9006CBB40 /* XCTestCase+Fixture.m */ = {isa = PBXFileReference; fileEncoding = 4; lastKnownFileType = sourcecode.c.objc; path = "XCTestCase+Fixture.m"; sourceTree = "<group>"; };
		DBA110FD1CECEC46006CBB40 /* RateBuilder.h */ = {isa = PBXFileReference; fileEncoding = 4; lastKnownFileType = sourcecode.c.h; path = RateBuilder.h; sourceTree = "<group>"; };
		DBA110FE1CECEC46006CBB40 /* RateBuilder.m */ = {isa = PBXFileReference; fileEncoding = 4; lastKnownFileType = sourcecode.c.objc; path = RateBuilder.m; sourceTree = "<group>"; };
		DBA111001CECEF48006CBB40 /* RateEqaulityTests.m */ = {isa = PBXFileReference; fileEncoding = 4; lastKnownFileType = sourcecode.c.objc; path = RateEqaulityTests.m; sourceTree = "<group>"; };
		E6589D1B269882C8752B7C9A /* libPods-SimpleJsonApi.a */ = {isa = PBXFileReference; explicitFileType = archive.ar; includeInIndex = 0; path = "libPods-SimpleJsonApi.a"; sourceTree = BUILT_PRODUCTS_DIR; };
/* End PBXFileReference section */

/* Begin PBXFrameworksBuildPhase section */
		DBA110B51CECCF69006CBB40 /* Frameworks */ = {
			isa = PBXFrameworksBuildPhase;
			buildActionMask = 2147483647;
			files = (
				4238E9C86D229801620A1CE2 /* libPods-SimpleJsonApi.a in Frameworks */,
			);
			runOnlyForDeploymentPostprocessing = 0;
		};
		DBA110DD1CECDDD8006CBB40 /* Frameworks */ = {
			isa = PBXFrameworksBuildPhase;
			buildActionMask = 2147483647;
			files = (
			);
			runOnlyForDeploymentPostprocessing = 0;
		};
/* End PBXFrameworksBuildPhase section */

/* Begin PBXGroup section */
		BDB677964D179F6ED3503B36 /* Frameworks */ = {
			isa = PBXGroup;
			children = (
				E6589D1B269882C8752B7C9A /* libPods-SimpleJsonApi.a */,
			);
			name = Frameworks;
			sourceTree = "<group>";
		};
		C6D6210346A725969E2F9395 /* Pods */ = {
			isa = PBXGroup;
			children = (
				56797A6AECA9B7E131FF0CC3 /* Pods-SimpleJsonApi.debug.xcconfig */,
				9C70C5B84EF2A4C2EA1F2FAE /* Pods-SimpleJsonApi.release.xcconfig */,
			);
			name = Pods;
			sourceTree = "<group>";
		};
		DBA110AF1CECCF69006CBB40 = {
			isa = PBXGroup;
			children = (
				BDB677964D179F6ED3503B36 /* Frameworks */,
				C6D6210346A725969E2F9395 /* Pods */,
				DBA110B91CECCF69006CBB40 /* Products */,
				DBA110BA1CECCF69006CBB40 /* SimpleJsonApi */,
				DBA110E11CECDDD8006CBB40 /* SimpleJsonApiTests */,
			);
			sourceTree = "<group>";
		};
		DBA110B91CECCF69006CBB40 /* Products */ = {
			isa = PBXGroup;
			children = (
				DBA110B81CECCF69006CBB40 /* SimpleJsonApi.app */,
				DBA110E01CECDDD8006CBB40 /* SimpleJsonApiTests.xctest */,
			);
			name = Products;
			sourceTree = "<group>";
		};
		DBA110BA1CECCF69006CBB40 /* SimpleJsonApi */ = {
			isa = PBXGroup;
			children = (
				DBA110D71CECDA34006CBB40 /* Resources */,
				DBA110D21CECD9EB006CBB40 /* Source */,
				DBA110D61CECDA2A006CBB40 /* Storyboards */,
				DBA110BB1CECCF69006CBB40 /* Supporting Files */,
				DBA110CC1CECCF69006CBB40 /* Info.plist */,
			);
			path = SimpleJsonApi;
			sourceTree = "<group>";
		};
		DBA110BB1CECCF69006CBB40 /* Supporting Files */ = {
			isa = PBXGroup;
			children = (
				DBA110BC1CECCF69006CBB40 /* main.m */,
			);
			path = "Supporting Files";
			sourceTree = "<group>";
		};
		DBA110D21CECD9EB006CBB40 /* Source */ = {
			isa = PBXGroup;
			children = (
				DBA110D31CECD9EE006CBB40 /* AppDelegate */,
				DBA110EA1CECDF1E006CBB40 /* Models */,
				DBA110D81CECDC51006CBB40 /* Network */,
				DBA110D41CECD9F9006CBB40 /* VC */,
			);
			path = Source;
			sourceTree = "<group>";
		};
		DBA110D31CECD9EE006CBB40 /* AppDelegate */ = {
			isa = PBXGroup;
			children = (
				DBA110BE1CECCF69006CBB40 /* AppDelegate.h */,
				DBA110BF1CECCF69006CBB40 /* AppDelegate.m */,
			);
			path = AppDelegate;
			sourceTree = "<group>";
		};
		DBA110D41CECD9F9006CBB40 /* VC */ = {
			isa = PBXGroup;
			children = (
				DBA110D51CECD9FC006CBB40 /* RatesTVC */,
			);
			path = VC;
			sourceTree = "<group>";
		};
		DBA110D51CECD9FC006CBB40 /* RatesTVC */ = {
			isa = PBXGroup;
			children = (
				DBA110C11CECCF69006CBB40 /* RatesTVC.h */,
				DBA110C21CECCF69006CBB40 /* RatesTVC.m */,
			);
			path = RatesTVC;
			sourceTree = "<group>";
		};
		DBA110D61CECDA2A006CBB40 /* Storyboards */ = {
			isa = PBXGroup;
			children = (
				DBA110C91CECCF69006CBB40 /* LaunchScreen.storyboard */,
				DBA110C41CECCF69006CBB40 /* Main.storyboard */,
			);
			path = Storyboards;
			sourceTree = "<group>";
		};
		DBA110D71CECDA34006CBB40 /* Resources */ = {
			isa = PBXGroup;
			children = (
				DBA110C71CECCF69006CBB40 /* Assets.xcassets */,
			);
			path = Resources;
			sourceTree = "<group>";
		};
		DBA110D81CECDC51006CBB40 /* Network */ = {
			isa = PBXGroup;
			children = (
				DBA110D91CECDD9B006CBB40 /* RatesAPI.h */,
				DBA110DA1CECDD9B006CBB40 /* RatesAPI.m */,
			);
			path = Network;
			sourceTree = "<group>";
		};
		DBA110E11CECDDD8006CBB40 /* SimpleJsonApiTests */ = {
			isa = PBXGroup;
			children = (
				DBA110F21CECE909006CBB40 /* Fixtures */,
				DBA110F61CECE9CC006CBB40 /* Helpers */,
				DBA110F31CECE90F006CBB40 /* Tests */,
				DBA110E41CECDDD8006CBB40 /* Info.plist */,
			);
			path = SimpleJsonApiTests;
			sourceTree = "<group>";
		};
		DBA110EA1CECDF1E006CBB40 /* Models */ = {
			isa = PBXGroup;
			children = (
				DBA110EB1CECDF21006CBB40 /* Rate */,
				DBA110FC1CECEC31006CBB40 /* RateBuilder */,
			);
			path = Models;
			sourceTree = "<group>";
		};
		DBA110EB1CECDF21006CBB40 /* Rate */ = {
			isa = PBXGroup;
			children = (
				DBA110EC1CECDF2A006CBB40 /* Rate.h */,
				DBA110ED1CECDF2A006CBB40 /* Rate.m */,
			);
			path = Rate;
			sourceTree = "<group>";
		};
		DBA110F21CECE909006CBB40 /* Fixtures */ = {
			isa = PBXGroup;
			children = (
				DBA110F41CECE925006CBB40 /* rate-response.json */,
			);
			path = Fixtures;
			sourceTree = "<group>";
		};
		DBA110F31CECE90F006CBB40 /* Tests */ = {
			isa = PBXGroup;
			children = (
				DBA110F01CECE88F006CBB40 /* RateBuilderTests.m */,
				DBA111001CECEF48006CBB40 /* RateEqaulityTests.m */,
				DBA110E21CECDDD8006CBB40 /* RateTests.m */,
			);
			path = Tests;
			sourceTree = "<group>";
		};
		DBA110F61CECE9CC006CBB40 /* Helpers */ = {
			isa = PBXGroup;
			children = (
				DBA110F81CECE9E9006CBB40 /* XCTestCase+Fixture.h */,
				DBA110F91CECE9E9006CBB40 /* XCTestCase+Fixture.m */,
			);
			path = Helpers;
			sourceTree = "<group>";
		};
		DBA110FC1CECEC31006CBB40 /* RateBuilder */ = {
			isa = PBXGroup;
			children = (
				DBA110FD1CECEC46006CBB40 /* RateBuilder.h */,
				DBA110FE1CECEC46006CBB40 /* RateBuilder.m */,
			);
			path = RateBuilder;
			sourceTree = "<group>";
		};
/* End PBXGroup section */

/* Begin PBXNativeTarget section */
		DBA110B71CECCF69006CBB40 /* SimpleJsonApi */ = {
			isa = PBXNativeTarget;
			buildConfigurationList = DBA110CF1CECCF69006CBB40 /* Build configuration list for PBXNativeTarget "SimpleJsonApi" */;
			buildPhases = (
				FE3BE7D1EF5CCA727D3036CA /* Check Pods Manifest.lock */,
				DBA110B41CECCF69006CBB40 /* Sources */,
				DBA110B51CECCF69006CBB40 /* Frameworks */,
				DBA110B61CECCF69006CBB40 /* Resources */,
				F24851C95D0CF82FC651FBCF /* Embed Pods Frameworks */,
				EB2D4A8F89E088D37398A2CC /* Copy Pods Resources */,
			);
			buildRules = (
			);
			dependencies = (
			);
			name = SimpleJsonApi;
			productName = SimpleJsonApi;
			productReference = DBA110B81CECCF69006CBB40 /* SimpleJsonApi.app */;
			productType = "com.apple.product-type.application";
		};
		DBA110DF1CECDDD8006CBB40 /* SimpleJsonApiTests */ = {
			isa = PBXNativeTarget;
			buildConfigurationList = DBA110E91CECDDD8006CBB40 /* Build configuration list for PBXNativeTarget "SimpleJsonApiTests" */;
			buildPhases = (
				DBA110DC1CECDDD8006CBB40 /* Sources */,
				DBA110DD1CECDDD8006CBB40 /* Frameworks */,
				DBA110DE1CECDDD8006CBB40 /* Resources */,
			);
			buildRules = (
			);
			dependencies = (
				DBA110E61CECDDD8006CBB40 /* PBXTargetDependency */,
			);
			name = SimpleJsonApiTests;
			productName = SimpleJsonApiTests;
			productReference = DBA110E01CECDDD8006CBB40 /* SimpleJsonApiTests.xctest */;
			productType = "com.apple.product-type.bundle.unit-test";
		};
/* End PBXNativeTarget section */

/* Begin PBXProject section */
		DBA110B01CECCF69006CBB40 /* Project object */ = {
			isa = PBXProject;
			attributes = {
				LastUpgradeCheck = 0730;
				ORGANIZATIONNAME = x0000ff;
				TargetAttributes = {
					DBA110B71CECCF69006CBB40 = {
						CreatedOnToolsVersion = 7.3.1;
					};
					DBA110DF1CECDDD8006CBB40 = {
						CreatedOnToolsVersion = 7.3.1;
						TestTargetID = DBA110B71CECCF69006CBB40;
					};
				};
			};
			buildConfigurationList = DBA110B31CECCF69006CBB40 /* Build configuration list for PBXProject "SimpleJsonApi" */;
			compatibilityVersion = "Xcode 3.2";
			developmentRegion = English;
			hasScannedForEncodings = 0;
			knownRegions = (
				en,
				Base,
			);
			mainGroup = DBA110AF1CECCF69006CBB40;
			productRefGroup = DBA110B91CECCF69006CBB40 /* Products */;
			projectDirPath = "";
			projectRoot = "";
			targets = (
				DBA110B71CECCF69006CBB40 /* SimpleJsonApi */,
				DBA110DF1CECDDD8006CBB40 /* SimpleJsonApiTests */,
			);
		};
/* End PBXProject section */

/* Begin PBXResourcesBuildPhase section */
		DBA110B61CECCF69006CBB40 /* Resources */ = {
			isa = PBXResourcesBuildPhase;
			buildActionMask = 2147483647;
			files = (
				DBA110CB1CECCF69006CBB40 /* LaunchScreen.storyboard in Resources */,
				DBA110C81CECCF69006CBB40 /* Assets.xcassets in Resources */,
				DBA110C61CECCF69006CBB40 /* Main.storyboard in Resources */,
			);
			runOnlyForDeploymentPostprocessing = 0;
		};
		DBA110DE1CECDDD8006CBB40 /* Resources */ = {
			isa = PBXResourcesBuildPhase;
			buildActionMask = 2147483647;
			files = (
				DBA110FB1CECEBAC006CBB40 /* rate-response.json in Resources */,
			);
			runOnlyForDeploymentPostprocessing = 0;
		};
/* End PBXResourcesBuildPhase section */

/* Begin PBXShellScriptBuildPhase section */
		EB2D4A8F89E088D37398A2CC /* Copy Pods Resources */ = {
			isa = PBXShellScriptBuildPhase;
			buildActionMask = 2147483647;
			files = (
			);
			inputPaths = (
			);
			name = "Copy Pods Resources";
			outputPaths = (
			);
			runOnlyForDeploymentPostprocessing = 0;
			shellPath = /bin/sh;
			shellScript = "\"${SRCROOT}/Pods/Target Support Files/Pods-SimpleJsonApi/Pods-SimpleJsonApi-resources.sh\"\n";
			showEnvVarsInLog = 0;
		};
		F24851C95D0CF82FC651FBCF /* Embed Pods Frameworks */ = {
			isa = PBXShellScriptBuildPhase;
			buildActionMask = 2147483647;
			files = (
			);
			inputPaths = (
			);
			name = "Embed Pods Frameworks";
			outputPaths = (
			);
			runOnlyForDeploymentPostprocessing = 0;
			shellPath = /bin/sh;
			shellScript = "\"${SRCROOT}/Pods/Target Support Files/Pods-SimpleJsonApi/Pods-SimpleJsonApi-frameworks.sh\"\n";
			showEnvVarsInLog = 0;
		};
		FE3BE7D1EF5CCA727D3036CA /* Check Pods Manifest.lock */ = {
			isa = PBXShellScriptBuildPhase;
			buildActionMask = 2147483647;
			files = (
			);
			inputPaths = (
			);
			name = "Check Pods Manifest.lock";
			outputPaths = (
			);
			runOnlyForDeploymentPostprocessing = 0;
			shellPath = /bin/sh;
			shellScript = "diff \"${PODS_ROOT}/../Podfile.lock\" \"${PODS_ROOT}/Manifest.lock\" > /dev/null\nif [[ $? != 0 ]] ; then\n    cat << EOM\nerror: The sandbox is not in sync with the Podfile.lock. Run 'pod install' or update your CocoaPods installation.\nEOM\n    exit 1\nfi\n";
			showEnvVarsInLog = 0;
		};
/* End PBXShellScriptBuildPhase section */

/* Begin PBXSourcesBuildPhase section */
		DBA110B41CECCF69006CBB40 /* Sources */ = {
			isa = PBXSourcesBuildPhase;
			buildActionMask = 2147483647;
			files = (
				DBA110EE1CECDF2A006CBB40 /* Rate.m in Sources */,
				DBA110C31CECCF69006CBB40 /* RatesTVC.m in Sources */,
				DBA110C01CECCF69006CBB40 /* AppDelegate.m in Sources */,
				DBA110DB1CECDD9B006CBB40 /* RatesAPI.m in Sources */,
				DBA110BD1CECCF69006CBB40 /* main.m in Sources */,
				DBA110FF1CECEC46006CBB40 /* RateBuilder.m in Sources */,
			);
			runOnlyForDeploymentPostprocessing = 0;
		};
		DBA110DC1CECDDD8006CBB40 /* Sources */ = {
			isa = PBXSourcesBuildPhase;
			buildActionMask = 2147483647;
			files = (
				DBA110FA1CECE9E9006CBB40 /* XCTestCase+Fixture.m in Sources */,
				DBA110E31CECDDD8006CBB40 /* RateTests.m in Sources */,
				DBA110F51CECE925006CBB40 /* rate-response.json in Sources */,
				DBA111011CECEF48006CBB40 /* RateEqaulityTests.m in Sources */,
				DBA110F11CECE88F006CBB40 /* RateBuilderTests.m in Sources */,
			);
			runOnlyForDeploymentPostprocessing = 0;
		};
/* End PBXSourcesBuildPhase section */

/* Begin PBXTargetDependency section */
		DBA110E61CECDDD8006CBB40 /* PBXTargetDependency */ = {
			isa = PBXTargetDependency;
			target = DBA110B71CECCF69006CBB40 /* SimpleJsonApi */;
			targetProxy = DBA110E51CECDDD8006CBB40 /* PBXContainerItemProxy */;
		};
/* End PBXTargetDependency section */

/* Begin PBXVariantGroup section */
		DBA110C41CECCF69006CBB40 /* Main.storyboard */ = {
			isa = PBXVariantGroup;
			children = (
				DBA110C51CECCF69006CBB40 /* Base */,
			);
			name = Main.storyboard;
			path = .;
			sourceTree = "<group>";
		};
		DBA110C91CECCF69006CBB40 /* LaunchScreen.storyboard */ = {
			isa = PBXVariantGroup;
			children = (
				DBA110CA1CECCF69006CBB40 /* Base */,
			);
			name = LaunchScreen.storyboard;
			path = .;
			sourceTree = "<group>";
		};
/* End PBXVariantGroup section */

/* Begin XCBuildConfiguration section */
		DBA110CD1CECCF69006CBB40 /* Debug */ = {
			isa = XCBuildConfiguration;
			buildSettings = {
				ALWAYS_SEARCH_USER_PATHS = NO;
				CLANG_ANALYZER_NONNULL = YES;
				CLANG_CXX_LANGUAGE_STANDARD = "gnu++0x";
				CLANG_CXX_LIBRARY = "libc++";
				CLANG_ENABLE_MODULES = YES;
				CLANG_ENABLE_OBJC_ARC = YES;
				CLANG_WARN_BOOL_CONVERSION = YES;
				CLANG_WARN_CONSTANT_CONVERSION = YES;
				CLANG_WARN_DIRECT_OBJC_ISA_USAGE = YES_ERROR;
				CLANG_WARN_EMPTY_BODY = YES;
				CLANG_WARN_ENUM_CONVERSION = YES;
				CLANG_WARN_INT_CONVERSION = YES;
				CLANG_WARN_OBJC_ROOT_CLASS = YES_ERROR;
				CLANG_WARN_UNREACHABLE_CODE = YES;
				CLANG_WARN__DUPLICATE_METHOD_MATCH = YES;
				"CODE_SIGN_IDENTITY[sdk=iphoneos*]" = "iPhone Developer";
				COPY_PHASE_STRIP = NO;
				DEBUG_INFORMATION_FORMAT = dwarf;
				ENABLE_STRICT_OBJC_MSGSEND = YES;
				ENABLE_TESTABILITY = YES;
				GCC_C_LANGUAGE_STANDARD = gnu99;
				GCC_DYNAMIC_NO_PIC = NO;
				GCC_NO_COMMON_BLOCKS = YES;
				GCC_OPTIMIZATION_LEVEL = 0;
				GCC_PREPROCESSOR_DEFINITIONS = (
					"DEBUG=1",
					"$(inherited)",
				);
				GCC_WARN_64_TO_32_BIT_CONVERSION = YES;
				GCC_WARN_ABOUT_RETURN_TYPE = YES_ERROR;
				GCC_WARN_UNDECLARED_SELECTOR = YES;
				GCC_WARN_UNINITIALIZED_AUTOS = YES_AGGRESSIVE;
				GCC_WARN_UNUSED_FUNCTION = YES;
				GCC_WARN_UNUSED_VARIABLE = YES;
				IPHONEOS_DEPLOYMENT_TARGET = 9.3;
				MTL_ENABLE_DEBUG_INFO = YES;
				ONLY_ACTIVE_ARCH = YES;
				SDKROOT = iphoneos;
			};
			name = Debug;
		};
		DBA110CE1CECCF69006CBB40 /* Release */ = {
			isa = XCBuildConfiguration;
			buildSettings = {
				ALWAYS_SEARCH_USER_PATHS = NO;
				CLANG_ANALYZER_NONNULL = YES;
				CLANG_CXX_LANGUAGE_STANDARD = "gnu++0x";
				CLANG_CXX_LIBRARY = "libc++";
				CLANG_ENABLE_MODULES = YES;
				CLANG_ENABLE_OBJC_ARC = YES;
				CLANG_WARN_BOOL_CONVERSION = YES;
				CLANG_WARN_CONSTANT_CONVERSION = YES;
				CLANG_WARN_DIRECT_OBJC_ISA_USAGE = YES_ERROR;
				CLANG_WARN_EMPTY_BODY = YES;
				CLANG_WARN_ENUM_CONVERSION = YES;
				CLANG_WARN_INT_CONVERSION = YES;
				CLANG_WARN_OBJC_ROOT_CLASS = YES_ERROR;
				CLANG_WARN_UNREACHABLE_CODE = YES;
				CLANG_WARN__DUPLICATE_METHOD_MATCH = YES;
				"CODE_SIGN_IDENTITY[sdk=iphoneos*]" = "iPhone Developer";
				COPY_PHASE_STRIP = NO;
				DEBUG_INFORMATION_FORMAT = "dwarf-with-dsym";
				ENABLE_NS_ASSERTIONS = NO;
				ENABLE_STRICT_OBJC_MSGSEND = YES;
				GCC_C_LANGUAGE_STANDARD = gnu99;
				GCC_NO_COMMON_BLOCKS = YES;
				GCC_WARN_64_TO_32_BIT_CONVERSION = YES;
				GCC_WARN_ABOUT_RETURN_TYPE = YES_ERROR;
				GCC_WARN_UNDECLARED_SELECTOR = YES;
				GCC_WARN_UNINITIALIZED_AUTOS = YES_AGGRESSIVE;
				GCC_WARN_UNUSED_FUNCTION = YES;
				GCC_WARN_UNUSED_VARIABLE = YES;
				IPHONEOS_DEPLOYMENT_TARGET = 9.3;
				MTL_ENABLE_DEBUG_INFO = NO;
				SDKROOT = iphoneos;
				VALIDATE_PRODUCT = YES;
			};
			name = Release;
		};
		DBA110D01CECCF69006CBB40 /* Debug */ = {
			isa = XCBuildConfiguration;
			baseConfigurationReference = 56797A6AECA9B7E131FF0CC3 /* Pods-SimpleJsonApi.debug.xcconfig */;
			buildSettings = {
				ASSETCATALOG_COMPILER_APPICON_NAME = AppIcon;
				INFOPLIST_FILE = SimpleJsonApi/Info.plist;
				LD_RUNPATH_SEARCH_PATHS = "$(inherited) @executable_path/Frameworks";
				PRODUCT_BUNDLE_IDENTIFIER = x0000ff.SimpleJsonApi;
				PRODUCT_NAME = "$(TARGET_NAME)";
			};
			name = Debug;
		};
		DBA110D11CECCF69006CBB40 /* Release */ = {
			isa = XCBuildConfiguration;
			baseConfigurationReference = 9C70C5B84EF2A4C2EA1F2FAE /* Pods-SimpleJsonApi.release.xcconfig */;
			buildSettings = {
				ASSETCATALOG_COMPILER_APPICON_NAME = AppIcon;
				INFOPLIST_FILE = SimpleJsonApi/Info.plist;
				LD_RUNPATH_SEARCH_PATHS = "$(inherited) @executable_path/Frameworks";
				PRODUCT_BUNDLE_IDENTIFIER = x0000ff.SimpleJsonApi;
				PRODUCT_NAME = "$(TARGET_NAME)";
			};
			name = Release;
		};
		DBA110E71CECDDD8006CBB40 /* Debug */ = {
			isa = XCBuildConfiguration;
			buildSettings = {
				BUNDLE_LOADER = "$(TEST_HOST)";
				INFOPLIST_FILE = SimpleJsonApiTests/Info.plist;
				LD_RUNPATH_SEARCH_PATHS = "$(inherited) @executable_path/Frameworks @loader_path/Frameworks";
				PRODUCT_BUNDLE_IDENTIFIER = x0000ff.SimpleJsonApiTests;
				PRODUCT_NAME = "$(TARGET_NAME)";
				TEST_HOST = "$(BUILT_PRODUCTS_DIR)/SimpleJsonApi.app/SimpleJsonApi";
			};
			name = Debug;
		};
		DBA110E81CECDDD8006CBB40 /* Release */ = {
			isa = XCBuildConfiguration;
			buildSettings = {
				BUNDLE_LOADER = "$(TEST_HOST)";
				INFOPLIST_FILE = SimpleJsonApiTests/Info.plist;
				LD_RUNPATH_SEARCH_PATHS = "$(inherited) @executable_path/Frameworks @loader_path/Frameworks";
				PRODUCT_BUNDLE_IDENTIFIER = x0000ff.SimpleJsonApiTests;
				PRODUCT_NAME = "$(TARGET_NAME)";
				TEST_HOST = "$(BUILT_PRODUCTS_DIR)/SimpleJsonApi.app/SimpleJsonApi";
			};
			name = Release;
		};
/* End XCBuildConfiguration section */

/* Begin XCConfigurationList section */
		DBA110B31CECCF69006CBB40 /* Build configuration list for PBXProject "SimpleJsonApi" */ = {
			isa = XCConfigurationList;
			buildConfigurations = (
				DBA110CD1CECCF69006CBB40 /* Debug */,
				DBA110CE1CECCF69006CBB40 /* Release */,
			);
			defaultConfigurationIsVisible = 0;
			defaultConfigurationName = Release;
		};
		DBA110CF1CECCF69006CBB40 /* Build configuration list for PBXNativeTarget "SimpleJsonApi" */ = {
			isa = XCConfigurationList;
			buildConfigurations = (
				DBA110D01CECCF69006CBB40 /* Debug */,
				DBA110D11CECCF69006CBB40 /* Release */,
			);
			defaultConfigurationIsVisible = 0;
			defaultConfigurationName = Release;
		};
		DBA110E91CECDDD8006CBB40 /* Build configuration list for PBXNativeTarget "SimpleJsonApiTests" */ = {
			isa = XCConfigurationList;
			buildConfigurations = (
				DBA110E71CECDDD8006CBB40 /* Debug */,
				DBA110E81CECDDD8006CBB40 /* Release */,
			);
			defaultConfigurationIsVisible = 0;
			defaultConfigurationName = Release;
		};
/* End XCConfigurationList section */
	};
	rootObject = DBA110B01CECCF69006CBB40 /* Project object */;
}
