// !$*UTF8*$!
{
	archiveVersion = 1;
	classes = {
	};
	objectVersion = 46;
	objects = {

/* Begin PBXBuildFile section */
		DBA110BD1CECCF69006CBB40 /* main.m in Sources */ = {isa = PBXBuildFile; fileRef = DBA110BC1CECCF69006CBB40 /* main.m */; };
		DBA110C01CECCF69006CBB40 /* AppDelegate.m in Sources */ = {isa = PBXBuildFile; fileRef = DBA110BF1CECCF69006CBB40 /* AppDelegate.m */; };
		DBA110C31CECCF69006CBB40 /* ViewController.m in Sources */ = {isa = PBXBuildFile; fileRef = DBA110C21CECCF69006CBB40 /* ViewController.m */; };
		DBA110C61CECCF69006CBB40 /* Main.storyboard in Resources */ = {isa = PBXBuildFile; fileRef = DBA110C41CECCF69006CBB40 /* Main.storyboard */; };
		DBA110C81CECCF69006CBB40 /* Assets.xcassets in Resources */ = {isa = PBXBuildFile; fileRef = DBA110C71CECCF69006CBB40 /* Assets.xcassets */; };
		DBA110CB1CECCF69006CBB40 /* LaunchScreen.storyboard in Resources */ = {isa = PBXBuildFile; fileRef = DBA110C91CECCF69006CBB40 /* LaunchScreen.storyboard */; };
/* End PBXBuildFile section */

/* Begin PBXFileReference section */
		DBA110B81CECCF69006CBB40 /* SimpleJsonApi.app */ = {isa = PBXFileReference; explicitFileType = wrapper.application; includeInIndex = 0; path = SimpleJsonApi.app; sourceTree = BUILT_PRODUCTS_DIR; };
		DBA110BC1CECCF69006CBB40 /* main.m */ = {isa = PBXFileReference; lastKnownFileType = sourcecode.c.objc; path = main.m; sourceTree = "<group>"; };
		DBA110BE1CECCF69006CBB40 /* AppDelegate.h */ = {isa = PBXFileReference; lastKnownFileType = sourcecode.c.h; path = AppDelegate.h; sourceTree = "<group>"; };
		DBA110BF1CECCF69006CBB40 /* AppDelegate.m */ = {isa = PBXFileReference; lastKnownFileType = sourcecode.c.objc; path = AppDelegate.m; sourceTree = "<group>"; };
		DBA110C11CECCF69006CBB40 /* ViewController.h */ = {isa = PBXFileReference; lastKnownFileType = sourcecode.c.h; path = ViewController.h; sourceTree = "<group>"; };
		DBA110C21CECCF69006CBB40 /* ViewController.m */ = {isa = PBXFileReference; lastKnownFileType = sourcecode.c.objc; path = ViewController.m; sourceTree = "<group>"; };
		DBA110C51CECCF69006CBB40 /* Base */ = {isa = PBXFileReference; lastKnownFileType = file.storyboard; name = Base; path = Base.lproj/Main.storyboard; sourceTree = "<group>"; };
		DBA110C71CECCF69006CBB40 /* Assets.xcassets */ = {isa = PBXFileReference; lastKnownFileType = folder.assetcatalog; path = Assets.xcassets; sourceTree = "<group>"; };
		DBA110CA1CECCF69006CBB40 /* Base */ = {isa = PBXFileReference; lastKnownFileType = file.storyboard; name = Base; path = Base.lproj/LaunchScreen.storyboard; sourceTree = "<group>"; };
		DBA110CC1CECCF69006CBB40 /* Info.plist */ = {isa = PBXFileReference; lastKnownFileType = text.plist.xml; path = Info.plist; sourceTree = "<group>"; };
/* End PBXFileReference section */

/* Begin PBXFrameworksBuildPhase section */
		DBA110B51CECCF69006CBB40 /* Frameworks */ = {
			isa = PBXFrameworksBuildPhase;
			buildActionMask = 2147483647;
			files = (
			);
			runOnlyForDeploymentPostprocessing = 0;
		};
/* End PBXFrameworksBuildPhase section */

/* Begin PBXGroup section */
		DBA110AF1CECCF69006CBB40 = {
			isa = PBXGroup;
			children = (
				DBA110BA1CECCF69006CBB40 /* SimpleJsonApi */,
				DBA110B91CECCF69006CBB40 /* Products */,
			);
			sourceTree = "<group>";
		};
		DBA110B91CECCF69006CBB40 /* Products */ = {
			isa = PBXGroup;
			children = (
				DBA110B81CECCF69006CBB40 /* SimpleJsonApi.app */,
			);
			name = Products;
			sourceTree = "<group>";
		};
		DBA110BA1CECCF69006CBB40 /* SimpleJsonApi */ = {
			isa = PBXGroup;
			children = (
				DBA110BE1CECCF69006CBB40 /* AppDelegate.h */,
				DBA110BF1CECCF69006CBB40 /* AppDelegate.m */,
				DBA110C11CECCF69006CBB40 /* ViewController.h */,
				DBA110C21CECCF69006CBB40 /* ViewController.m */,
				DBA110C41CECCF69006CBB40 /* Main.storyboard */,
				DBA110C71CECCF69006CBB40 /* Assets.xcassets */,
				DBA110C91CECCF69006CBB40 /* LaunchScreen.storyboard */,
				DBA110CC1CECCF69006CBB40 /* Info.plist */,
				DBA110BB1CECCF69006CBB40 /* Supporting Files */,
			);
			path = SimpleJsonApi;
			sourceTree = "<group>";
		};
		DBA110BB1CECCF69006CBB40 /* Supporting Files */ = {
			isa = PBXGroup;
			children = (
				DBA110BC1CECCF69006CBB40 /* main.m */,
			);
			name = "Supporting Files";
			sourceTree = "<group>";
		};
/* End PBXGroup section */

/* Begin PBXNativeTarget section */
		DBA110B71CECCF69006CBB40 /* SimpleJsonApi */ = {
			isa = PBXNativeTarget;
			buildConfigurationList = DBA110CF1CECCF69006CBB40 /* Build configuration list for PBXNativeTarget "SimpleJsonApi" */;
			buildPhases = (
				DBA110B41CECCF69006CBB40 /* Sources */,
				DBA110B51CECCF69006CBB40 /* Frameworks */,
				DBA110B61CECCF69006CBB40 /* Resources */,
			);
			buildRules = (
			);
			dependencies = (
			);
			name = SimpleJsonApi;
			productName = SimpleJsonApi;
			productReference = DBA110B81CECCF69006CBB40 /* SimpleJsonApi.app */;
			productType = "com.apple.product-type.application";
		};
/* End PBXNativeTarget section */

/* Begin PBXProject section */
		DBA110B01CECCF69006CBB40 /* Project object */ = {
			isa = PBXProject;
			attributes = {
				LastUpgradeCheck = 0730;
				ORGANIZATIONNAME = x0000ff;
				TargetAttributes = {
					DBA110B71CECCF69006CBB40 = {
						CreatedOnToolsVersion = 7.3.1;
					};
				};
			};
			buildConfigurationList = DBA110B31CECCF69006CBB40 /* Build configuration list for PBXProject "SimpleJsonApi" */;
			compatibilityVersion = "Xcode 3.2";
			developmentRegion = English;
			hasScannedForEncodings = 0;
			knownRegions = (
				en,
				Base,
			);
			mainGroup = DBA110AF1CECCF69006CBB40;
			productRefGroup = DBA110B91CECCF69006CBB40 /* Products */;
			projectDirPath = "";
			projectRoot = "";
			targets = (
				DBA110B71CECCF69006CBB40 /* SimpleJsonApi */,
			);
		};
/* End PBXProject section */

/* Begin PBXResourcesBuildPhase section */
		DBA110B61CECCF69006CBB40 /* Resources */ = {
			isa = PBXResourcesBuildPhase;
			buildActionMask = 2147483647;
			files = (
				DBA110CB1CECCF69006CBB40 /* LaunchScreen.storyboard in Resources */,
				DBA110C81CECCF69006CBB40 /* Assets.xcassets in Resources */,
				DBA110C61CECCF69006CBB40 /* Main.storyboard in Resources */,
			);
			runOnlyForDeploymentPostprocessing = 0;
		};
/* End PBXResourcesBuildPhase section */

/* Begin PBXSourcesBuildPhase section */
		DBA110B41CECCF69006CBB40 /* Sources */ = {
			isa = PBXSourcesBuildPhase;
			buildActionMask = 2147483647;
			files = (
				DBA110C31CECCF69006CBB40 /* ViewController.m in Sources */,
				DBA110C01CECCF69006CBB40 /* AppDelegate.m in Sources */,
				DBA110BD1CECCF69006CBB40 /* main.m in Sources */,
			);
			runOnlyForDeploymentPostprocessing = 0;
		};
/* End PBXSourcesBuildPhase section */

/* Begin PBXVariantGroup section */
		DBA110C41CECCF69006CBB40 /* Main.storyboard */ = {
			isa = PBXVariantGroup;
			children = (
				DBA110C51CECCF69006CBB40 /* Base */,
			);
			name = Main.storyboard;
			sourceTree = "<group>";
		};
		DBA110C91CECCF69006CBB40 /* LaunchScreen.storyboard */ = {
			isa = PBXVariantGroup;
			children = (
				DBA110CA1CECCF69006CBB40 /* Base */,
			);
			name = LaunchScreen.storyboard;
			sourceTree = "<group>";
		};
/* End PBXVariantGroup section */

/* Begin XCBuildConfiguration section */
		DBA110CD1CECCF69006CBB40 /* Debug */ = {
			isa = XCBuildConfiguration;
			buildSettings = {
				ALWAYS_SEARCH_USER_PATHS = NO;
				CLANG_ANALYZER_NONNULL = YES;
				CLANG_CXX_LANGUAGE_STANDARD = "gnu++0x";
				CLANG_CXX_LIBRARY = "libc++";
				CLANG_ENABLE_MODULES = YES;
				CLANG_ENABLE_OBJC_ARC = YES;
				CLANG_WARN_BOOL_CONVERSION = YES;
				CLANG_WARN_CONSTANT_CONVERSION = YES;
				CLANG_WARN_DIRECT_OBJC_ISA_USAGE = YES_ERROR;
				CLANG_WARN_EMPTY_BODY = YES;
				CLANG_WARN_ENUM_CONVERSION = YES;
				CLANG_WARN_INT_CONVERSION = YES;
				CLANG_WARN_OBJC_ROOT_CLASS = YES_ERROR;
				CLANG_WARN_UNREACHABLE_CODE = YES;
				CLANG_WARN__DUPLICATE_METHOD_MATCH = YES;
				"CODE_SIGN_IDENTITY[sdk=iphoneos*]" = "iPhone Developer";
				COPY_PHASE_STRIP = NO;
				DEBUG_INFORMATION_FORMAT = dwarf;
				ENABLE_STRICT_OBJC_MSGSEND = YES;
				ENABLE_TESTABILITY = YES;
				GCC_C_LANGUAGE_STANDARD = gnu99;
				GCC_DYNAMIC_NO_PIC = NO;
				GCC_NO_COMMON_BLOCKS = YES;
				GCC_OPTIMIZATION_LEVEL = 0;
				GCC_PREPROCESSOR_DEFINITIONS = (
					"DEBUG=1",
					"$(inherited)",
				);
				GCC_WARN_64_TO_32_BIT_CONVERSION = YES;
				GCC_WARN_ABOUT_RETURN_TYPE = YES_ERROR;
				GCC_WARN_UNDECLARED_SELECTOR = YES;
				GCC_WARN_UNINITIALIZED_AUTOS = YES_AGGRESSIVE;
				GCC_WARN_UNUSED_FUNCTION = YES;
				GCC_WARN_UNUSED_VARIABLE = YES;
				IPHONEOS_DEPLOYMENT_TARGET = 9.3;
				MTL_ENABLE_DEBUG_INFO = YES;
				ONLY_ACTIVE_ARCH = YES;
				SDKROOT = iphoneos;
			};
			name = Debug;
		};
		DBA110CE1CECCF69006CBB40 /* Release */ = {
			isa = XCBuildConfiguration;
			buildSettings = {
				ALWAYS_SEARCH_USER_PATHS = NO;
				CLANG_ANALYZER_NONNULL = YES;
				CLANG_CXX_LANGUAGE_STANDARD = "gnu++0x";
				CLANG_CXX_LIBRARY = "libc++";
				CLANG_ENABLE_MODULES = YES;
				CLANG_ENABLE_OBJC_ARC = YES;
				CLANG_WARN_BOOL_CONVERSION = YES;
				CLANG_WARN_CONSTANT_CONVERSION = YES;
				CLANG_WARN_DIRECT_OBJC_ISA_USAGE = YES_ERROR;
				CLANG_WARN_EMPTY_BODY = YES;
				CLANG_WARN_ENUM_CONVERSION = YES;
				CLANG_WARN_INT_CONVERSION = YES;
				CLANG_WARN_OBJC_ROOT_CLASS = YES_ERROR;
				CLANG_WARN_UNREACHABLE_CODE = YES;
				CLANG_WARN__DUPLICATE_METHOD_MATCH = YES;
				"CODE_SIGN_IDENTITY[sdk=iphoneos*]" = "iPhone Developer";
				COPY_PHASE_STRIP = NO;
				DEBUG_INFORMATION_FORMAT = "dwarf-with-dsym";
				ENABLE_NS_ASSERTIONS = NO;
				ENABLE_STRICT_OBJC_MSGSEND = YES;
				GCC_C_LANGUAGE_STANDARD = gnu99;
				GCC_NO_COMMON_BLOCKS = YES;
				GCC_WARN_64_TO_32_BIT_CONVERSION = YES;
				GCC_WARN_ABOUT_RETURN_TYPE = YES_ERROR;
				GCC_WARN_UNDECLARED_SELECTOR = YES;
				GCC_WARN_UNINITIALIZED_AUTOS = YES_AGGRESSIVE;
				GCC_WARN_UNUSED_FUNCTION = YES;
				GCC_WARN_UNUSED_VARIABLE = YES;
				IPHONEOS_DEPLOYMENT_TARGET = 9.3;
				MTL_ENABLE_DEBUG_INFO = NO;
				SDKROOT = iphoneos;
				VALIDATE_PRODUCT = YES;
			};
			name = Release;
		};
		DBA110D01CECCF69006CBB40 /* Debug */ = {
			isa = XCBuildConfiguration;
			buildSettings = {
				ASSETCATALOG_COMPILER_APPICON_NAME = AppIcon;
				INFOPLIST_FILE = SimpleJsonApi/Info.plist;
				LD_RUNPATH_SEARCH_PATHS = "$(inherited) @executable_path/Frameworks";
				PRODUCT_BUNDLE_IDENTIFIER = x0000ff.SimpleJsonApi;
				PRODUCT_NAME = "$(TARGET_NAME)";
			};
			name = Debug;
		};
		DBA110D11CECCF69006CBB40 /* Release */ = {
			isa = XCBuildConfiguration;
			buildSettings = {
				ASSETCATALOG_COMPILER_APPICON_NAME = AppIcon;
				INFOPLIST_FILE = SimpleJsonApi/Info.plist;
				LD_RUNPATH_SEARCH_PATHS = "$(inherited) @executable_path/Frameworks";
				PRODUCT_BUNDLE_IDENTIFIER = x0000ff.SimpleJsonApi;
				PRODUCT_NAME = "$(TARGET_NAME)";
			};
			name = Release;
		};
/* End XCBuildConfiguration section */

/* Begin XCConfigurationList section */
		DBA110B31CECCF69006CBB40 /* Build configuration list for PBXProject "SimpleJsonApi" */ = {
			isa = XCConfigurationList;
			buildConfigurations = (
				DBA110CD1CECCF69006CBB40 /* Debug */,
				DBA110CE1CECCF69006CBB40 /* Release */,
			);
			defaultConfigurationIsVisible = 0;
			defaultConfigurationName = Release;
		};
		DBA110CF1CECCF69006CBB40 /* Build configuration list for PBXNativeTarget "SimpleJsonApi" */ = {
			isa = XCConfigurationList;
			buildConfigurations = (
				DBA110D01CECCF69006CBB40 /* Debug */,
				DBA110D11CECCF69006CBB40 /* Release */,
			);
			defaultConfigurationIsVisible = 0;
		};
/* End XCConfigurationList section */
	};
	rootObject = DBA110B01CECCF69006CBB40 /* Project object */;
}
